
Microsoft Visual Studio Solution File, Format Version 12.00
# Visual Studio Version 17
VisualStudioVersion = 17.6.33815.320
MinimumVisualStudioVersion = 10.0.40219.1
Project("{FAE04EC0-301F-11D3-BF4B-00C04F79EFBC}") = "Automation_Project", "Automation_Project.csproj", "{391D4BCB-2F6B-4F59-A71C-D9EF4632432C}"
EndProject
Global
	GlobalSection(SolutionConfigurationPlatforms) = preSolution
		Debug|Any CPU = Debug|Any CPU
		Release|Any CPU = Release|Any CPU
	EndGlobalSection
	GlobalSection(ProjectConfigurationPlatforms) = postSolution
		{391D4BCB-2F6B-4F59-A71C-D9EF4632432C}.Debug|Any CPU.ActiveCfg = Debug|Any CPU
		{391D4BCB-2F6B-4F59-A71C-D9EF4632432C}.Debug|Any CPU.Build.0 = Debug|Any CPU
		{391D4BCB-2F6B-4F59-A71C-D9EF4632432C}.Release|Any CPU.ActiveCfg = Release|Any CPU
		{391D4BCB-2F6B-4F59-A71C-D9EF4632432C}.Release|Any CPU.Build.0 = Release|Any CPU
	EndGlobalSection
	GlobalSection(SolutionProperties) = preSolution
		HideSolutionNode = FALSE
	EndGlobalSection
	GlobalSection(ExtensibilityGlobals) = postSolution
		SolutionGuid = {5F2D0C3C-8FFB-405B-AEB8-6BBD7E87A999}
	EndGlobalSection
EndGlobal
